
Microsoft Visual Studio Solution File, Format Version 12.00
# Visual Studio Version 17
VisualStudioVersion = 17.0.31903.59
MinimumVisualStudioVersion = 10.0.40219.1
Project("{9A19103F-16F7-4668-BE54-9A1E7A4F7556}") = "Alura.Adopet.API", "Alura.Adopet.API\Alura.Adopet.API.csproj", "{1EFD091A-90B3-42C9-90D0-1B73FA46C5C1}"
EndProject
Project("{9A19103F-16F7-4668-BE54-9A1E7A4F7556}") = "Alura.Adopet.Console", "Alura.Adopet.Console\Alura.Adopet.Console.csproj", "{CDC4860C-35AD-4396-B20F-547C44F680CC}"
EndProject
Global
	GlobalSection(SolutionConfigurationPlatforms) = preSolution
		Debug|Any CPU = Debug|Any CPU
		Release|Any CPU = Release|Any CPU
	EndGlobalSection
	GlobalSection(ProjectConfigurationPlatforms) = postSolution
		{1EFD091A-90B3-42C9-90D0-1B73FA46C5C1}.Debug|Any CPU.ActiveCfg = Debug|Any CPU
		{1EFD091A-90B3-42C9-90D0-1B73FA46C5C1}.Debug|Any CPU.Build.0 = Debug|Any CPU
		{1EFD091A-90B3-42C9-90D0-1B73FA46C5C1}.Release|Any CPU.ActiveCfg = Release|Any CPU
		{1EFD091A-90B3-42C9-90D0-1B73FA46C5C1}.Release|Any CPU.Build.0 = Release|Any CPU
		{CDC4860C-35AD-4396-B20F-547C44F680CC}.Debug|Any CPU.ActiveCfg = Debug|Any CPU
		{CDC4860C-35AD-4396-B20F-547C44F680CC}.Debug|Any CPU.Build.0 = Debug|Any CPU
		{CDC4860C-35AD-4396-B20F-547C44F680CC}.Release|Any CPU.ActiveCfg = Release|Any CPU
		{CDC4860C-35AD-4396-B20F-547C44F680CC}.Release|Any CPU.Build.0 = Release|Any CPU
	EndGlobalSection
	GlobalSection(SolutionProperties) = preSolution
		HideSolutionNode = FALSE
	EndGlobalSection
	GlobalSection(ExtensibilityGlobals) = postSolution
		SolutionGuid = {EAEB95A1-EC72-45C6-AC85-ED67A380D7A0}
	EndGlobalSection
EndGlobal
